PODS:
  - boost-for-react-native (1.63.0)
  - DoubleConversion (1.1.6)
  - FBLazyVector (0.64.2-3)
  - FBReactNativeSpec (0.64.2-3):
    - RCT-Folly (= 2020.01.13.00)
    - RCTRequired (= 0.64.2-3)
    - RCTTypeSafety (= 0.64.2-3)
    - React-Core (= 0.64.2-3)
    - React-jsi (= 0.64.2-3)
    - ReactCommon/turbomodule/core (= 0.64.2-3)
  - glog (0.3.5)
  - MMKV (1.2.10):
    - MMKVCore (~> 1.2.10)
  - MMKVCore (1.2.10)
  - RCT-Folly (2020.01.13.00):
    - boost-for-react-native
    - DoubleConversion
    - glog
    - RCT-Folly/Default (= 2020.01.13.00)
  - RCT-Folly/Default (2020.01.13.00):
    - boost-for-react-native
    - DoubleConversion
    - glog
  - RCTRequired (0.64.2-3)
  - RCTTypeSafety (0.64.2-3):
    - FBLazyVector (= 0.64.2-3)
    - RCT-Folly (= 2020.01.13.00)
    - RCTRequired (= 0.64.2-3)
    - React-Core (= 0.64.2-3)
  - React (0.64.2-3):
    - React-Core (= 0.64.2-3)
    - React-Core/DevSupport (= 0.64.2-3)
    - React-Core/RCTWebSocket (= 0.64.2-3)
    - React-RCTAnimation (= 0.64.2-3)
    - React-RCTBlob (= 0.64.2-3)
    - React-RCTImage (= 0.64.2-3)
    - React-RCTLinking (= 0.64.2-3)
    - React-RCTNetwork (= 0.64.2-3)
    - React-RCTSettings (= 0.64.2-3)
    - React-RCTText (= 0.64.2-3)
  - React-callinvoker (0.64.2-3)
  - React-Core (0.64.2-3):
    - glog
    - RCT-Folly (= 2020.01.13.00)
    - React-Core/Default (= 0.64.2-3)
    - React-cxxreact (= 0.64.2-3)
    - React-jsi (= 0.64.2-3)
    - React-jsiexecutor (= 0.64.2-3)
    - React-perflogger (= 0.64.2-3)
    - Yoga
  - React-Core/CoreModulesHeaders (0.64.2-3):
    - glog
    - RCT-Folly (= 2020.01.13.00)
    - React-Core/Default
    - React-cxxreact (= 0.64.2-3)
    - React-jsi (= 0.64.2-3)
    - React-jsiexecutor (= 0.64.2-3)
    - React-perflogger (= 0.64.2-3)
    - Yoga
  - React-Core/Default (0.64.2-3):
    - glog
    - RCT-Folly (= 2020.01.13.00)
    - React-cxxreact (= 0.64.2-3)
    - React-jsi (= 0.64.2-3)
    - React-jsiexecutor (= 0.64.2-3)
    - React-perflogger (= 0.64.2-3)
    - Yoga
  - React-Core/DevSupport (0.64.2-3):
    - glog
    - RCT-Folly (= 2020.01.13.00)
    - React-Core/Default (= 0.64.2-3)
    - React-Core/RCTWebSocket (= 0.64.2-3)
    - React-cxxreact (= 0.64.2-3)
    - React-jsi (= 0.64.2-3)
    - React-jsiexecutor (= 0.64.2-3)
    - React-jsinspector (= 0.64.2-3)
    - React-perflogger (= 0.64.2-3)
    - Yoga
  - React-Core/RCTAnimationHeaders (0.64.2-3):
    - glog
    - RCT-Folly (= 2020.01.13.00)
    - React-Core/Default
    - React-cxxreact (= 0.64.2-3)
    - React-jsi (= 0.64.2-3)
    - React-jsiexecutor (= 0.64.2-3)
    - React-perflogger (= 0.64.2-3)
    - Yoga
  - React-Core/RCTBlobHeaders (0.64.2-3):
    - glog
    - RCT-Folly (= 2020.01.13.00)
    - React-Core/Default
    - React-cxxreact (= 0.64.2-3)
    - React-jsi (= 0.64.2-3)
    - React-jsiexecutor (= 0.64.2-3)
    - React-perflogger (= 0.64.2-3)
    - Yoga
  - React-Core/RCTImageHeaders (0.64.2-3):
    - glog
    - RCT-Folly (= 2020.01.13.00)
    - React-Core/Default
    - React-cxxreact (= 0.64.2-3)
    - React-jsi (= 0.64.2-3)
    - React-jsiexecutor (= 0.64.2-3)
    - React-perflogger (= 0.64.2-3)
    - Yoga
  - React-Core/RCTLinkingHeaders (0.64.2-3):
    - glog
    - RCT-Folly (= 2020.01.13.00)
    - React-Core/Default
    - React-cxxreact (= 0.64.2-3)
    - React-jsi (= 0.64.2-3)
    - React-jsiexecutor (= 0.64.2-3)
    - React-perflogger (= 0.64.2-3)
    - Yoga
  - React-Core/RCTNetworkHeaders (0.64.2-3):
    - glog
    - RCT-Folly (= 2020.01.13.00)
    - React-Core/Default
    - React-cxxreact (= 0.64.2-3)
    - React-jsi (= 0.64.2-3)
    - React-jsiexecutor (= 0.64.2-3)
    - React-perflogger (= 0.64.2-3)
    - Yoga
  - React-Core/RCTSettingsHeaders (0.64.2-3):
    - glog
    - RCT-Folly (= 2020.01.13.00)
    - React-Core/Default
    - React-cxxreact (= 0.64.2-3)
    - React-jsi (= 0.64.2-3)
    - React-jsiexecutor (= 0.64.2-3)
    - React-perflogger (= 0.64.2-3)
    - Yoga
  - React-Core/RCTTextHeaders (0.64.2-3):
    - glog
    - RCT-Folly (= 2020.01.13.00)
    - React-Core/Default
    - React-cxxreact (= 0.64.2-3)
    - React-jsi (= 0.64.2-3)
    - React-jsiexecutor (= 0.64.2-3)
    - React-perflogger (= 0.64.2-3)
    - Yoga
  - React-Core/RCTWebSocket (0.64.2-3):
    - glog
    - RCT-Folly (= 2020.01.13.00)
    - React-Core/Default (= 0.64.2-3)
    - React-cxxreact (= 0.64.2-3)
    - React-jsi (= 0.64.2-3)
    - React-jsiexecutor (= 0.64.2-3)
    - React-perflogger (= 0.64.2-3)
    - Yoga
  - React-CoreModules (0.64.2-3):
    - FBReactNativeSpec (= 0.64.2-3)
    - RCT-Folly (= 2020.01.13.00)
    - RCTTypeSafety (= 0.64.2-3)
    - React-Core/CoreModulesHeaders (= 0.64.2-3)
    - React-jsi (= 0.64.2-3)
    - React-RCTImage (= 0.64.2-3)
    - ReactCommon/turbomodule/core (= 0.64.2-3)
  - React-cxxreact (0.64.2-3):
    - boost-for-react-native (= 1.63.0)
    - DoubleConversion
    - glog
    - RCT-Folly (= 2020.01.13.00)
    - React-callinvoker (= 0.64.2-3)
    - React-jsi (= 0.64.2-3)
    - React-jsinspector (= 0.64.2-3)
    - React-perflogger (= 0.64.2-3)
    - React-runtimeexecutor (= 0.64.2-3)
  - React-jsi (0.64.2-3):
    - boost-for-react-native (= 1.63.0)
    - DoubleConversion
    - glog
    - RCT-Folly (= 2020.01.13.00)
    - React-jsi/Default (= 0.64.2-3)
  - React-jsi/Default (0.64.2-3):
    - boost-for-react-native (= 1.63.0)
    - DoubleConversion
    - glog
    - RCT-Folly (= 2020.01.13.00)
  - React-jsiexecutor (0.64.2-3):
    - DoubleConversion
    - glog
    - RCT-Folly (= 2020.01.13.00)
    - React-cxxreact (= 0.64.2-3)
    - React-jsi (= 0.64.2-3)
    - React-perflogger (= 0.64.2-3)
  - React-jsinspector (0.64.2-3)
  - react-native-blur (0.8.0):
    - React
  - react-native-mmkv (1.1.6):
    - MMKV
    - React-Core
  - react-native-netinfo (6.0.2):
    - React-Core
  - React-perflogger (0.64.2-3)
  - React-RCTAnimation (0.64.2-3):
    - FBReactNativeSpec (= 0.64.2-3)
    - RCT-Folly (= 2020.01.13.00)
    - RCTTypeSafety (= 0.64.2-3)
    - React-Core/RCTAnimationHeaders (= 0.64.2-3)
    - React-jsi (= 0.64.2-3)
    - ReactCommon/turbomodule/core (= 0.64.2-3)
  - React-RCTBlob (0.64.2-3):
    - FBReactNativeSpec (= 0.64.2-3)
    - RCT-Folly (= 2020.01.13.00)
    - React-Core/RCTBlobHeaders (= 0.64.2-3)
    - React-Core/RCTWebSocket (= 0.64.2-3)
    - React-jsi (= 0.64.2-3)
    - React-RCTNetwork (= 0.64.2-3)
    - ReactCommon/turbomodule/core (= 0.64.2-3)
  - React-RCTImage (0.64.2-3):
    - FBReactNativeSpec (= 0.64.2-3)
    - RCT-Folly (= 2020.01.13.00)
    - RCTTypeSafety (= 0.64.2-3)
    - React-Core/RCTImageHeaders (= 0.64.2-3)
    - React-jsi (= 0.64.2-3)
    - React-RCTNetwork (= 0.64.2-3)
    - ReactCommon/turbomodule/core (= 0.64.2-3)
  - React-RCTLinking (0.64.2-3):
    - FBReactNativeSpec (= 0.64.2-3)
    - React-Core/RCTLinkingHeaders (= 0.64.2-3)
    - React-jsi (= 0.64.2-3)
    - ReactCommon/turbomodule/core (= 0.64.2-3)
  - React-RCTNetwork (0.64.2-3):
    - FBReactNativeSpec (= 0.64.2-3)
    - RCT-Folly (= 2020.01.13.00)
    - RCTTypeSafety (= 0.64.2-3)
    - React-Core/RCTNetworkHeaders (= 0.64.2-3)
    - React-jsi (= 0.64.2-3)
    - ReactCommon/turbomodule/core (= 0.64.2-3)
  - React-RCTSettings (0.64.2-3):
    - FBReactNativeSpec (= 0.64.2-3)
    - RCT-Folly (= 2020.01.13.00)
    - RCTTypeSafety (= 0.64.2-3)
    - React-Core/RCTSettingsHeaders (= 0.64.2-3)
    - React-jsi (= 0.64.2-3)
    - ReactCommon/turbomodule/core (= 0.64.2-3)
  - React-RCTText (0.64.2-3):
    - React-Core/RCTTextHeaders (= 0.64.2-3)
  - React-runtimeexecutor (0.64.2-3):
    - React-jsi (= 0.64.2-3)
  - ReactCommon/turbomodule/core (0.64.2-3):
    - DoubleConversion
    - glog
    - RCT-Folly (= 2020.01.13.00)
    - React-callinvoker (= 0.64.2-3)
    - React-Core (= 0.64.2-3)
    - React-cxxreact (= 0.64.2-3)
    - React-jsi (= 0.64.2-3)
    - React-perflogger (= 0.64.2-3)
  - ReactNativeNavigation (7.20.0):
    - React-Core
    - React-RCTImage
    - React-RCTText
    - ReactNativeNavigation/Core (= 7.20.0)
  - ReactNativeNavigation/Core (7.20.0):
    - React-Core
    - React-RCTImage
    - React-RCTText
  - ReactNativeUiLib (3.0.4):
    - React
  - RNCAsyncStorage (1.15.7):
    - React-Core
  - RNCPicker (1.16.8):
    - React-Core
  - RNDateTimePicker (3.5.2):
    - React-Core
  - RNDeviceInfo (8.3.1):
    - React-Core
  - RNGestureHandler (1.10.3):
    - React-Core
  - RNLocalize (2.1.4):
    - React-Core
  - RNReanimated (2.2.1):
    - DoubleConversion
    - FBLazyVector
    - FBReactNativeSpec
    - glog
    - RCT-Folly
    - RCTRequired
    - RCTTypeSafety
    - React
    - React-callinvoker
    - React-Core
    - React-Core/DevSupport
    - React-Core/RCTWebSocket
    - React-CoreModules
    - React-cxxreact
    - React-jsi
    - React-jsiexecutor
    - React-jsinspector
    - React-RCTAnimation
    - React-RCTBlob
    - React-RCTImage
    - React-RCTLinking
    - React-RCTNetwork
    - React-RCTSettings
    - React-RCTText
    - ReactCommon/turbomodule/core
    - Yoga
  - RNVectorIcons (8.1.0):
    - React-Core
  - Yoga (1.14.0)

DEPENDENCIES:
  - DoubleConversion (from `../node_modules/react-native/third-party-podspecs/DoubleConversion.podspec`)
  - FBLazyVector (from `../node_modules/react-native/Libraries/FBLazyVector`)
  - FBReactNativeSpec (from `../node_modules/react-native/React/FBReactNativeSpec`)
  - glog (from `../node_modules/react-native/third-party-podspecs/glog.podspec`)
  - RCT-Folly (from `../node_modules/react-native/third-party-podspecs/RCT-Folly.podspec`)
  - RCTRequired (from `../node_modules/react-native/Libraries/RCTRequired`)
  - RCTTypeSafety (from `../node_modules/react-native/Libraries/TypeSafety`)
  - React (from `../node_modules/react-native/`)
  - React-callinvoker (from `../node_modules/react-native/ReactCommon/callinvoker`)
  - React-Core (from `../node_modules/react-native/`)
  - React-Core/DevSupport (from `../node_modules/react-native/`)
  - React-Core/RCTWebSocket (from `../node_modules/react-native/`)
  - React-CoreModules (from `../node_modules/react-native/React/CoreModules`)
  - React-cxxreact (from `../node_modules/react-native/ReactCommon/cxxreact`)
  - React-jsi (from `../node_modules/react-native/ReactCommon/jsi`)
  - React-jsiexecutor (from `../node_modules/react-native/ReactCommon/jsiexecutor`)
  - React-jsinspector (from `../node_modules/react-native/ReactCommon/jsinspector`)
  - "react-native-blur (from `../node_modules/@react-native-community/blur`)"
  - react-native-mmkv (from `../node_modules/react-native-mmkv`)
  - "react-native-netinfo (from `../node_modules/@react-native-community/netinfo`)"
  - React-perflogger (from `../node_modules/react-native/ReactCommon/reactperflogger`)
  - React-RCTAnimation (from `../node_modules/react-native/Libraries/NativeAnimation`)
  - React-RCTBlob (from `../node_modules/react-native/Libraries/Blob`)
  - React-RCTImage (from `../node_modules/react-native/Libraries/Image`)
  - React-RCTLinking (from `../node_modules/react-native/Libraries/LinkingIOS`)
  - React-RCTNetwork (from `../node_modules/react-native/Libraries/Network`)
  - React-RCTSettings (from `../node_modules/react-native/Libraries/Settings`)
  - React-RCTText (from `../node_modules/react-native/Libraries/Text`)
  - React-runtimeexecutor (from `../node_modules/react-native/ReactCommon/runtimeexecutor`)
  - ReactCommon/turbomodule/core (from `../node_modules/react-native/ReactCommon`)
  - ReactNativeNavigation (from `../node_modules/react-native-navigation`)
  - ReactNativeUiLib (from `../node_modules/react-native-ui-lib/lib`)
  - "RNCAsyncStorage (from `../node_modules/@react-native-async-storage/async-storage`)"
  - "RNCPicker (from `../node_modules/@react-native-picker/picker`)"
  - "RNDateTimePicker (from `../node_modules/@react-native-community/datetimepicker`)"
  - RNDeviceInfo (from `../node_modules/react-native-device-info`)
  - RNGestureHandler (from `../node_modules/react-native-gesture-handler`)
  - RNLocalize (from `../node_modules/react-native-localize`)
  - RNReanimated (from `../node_modules/react-native-reanimated`)
  - RNVectorIcons (from `../node_modules/react-native-vector-icons`)
  - Yoga (from `../node_modules/react-native/ReactCommon/yoga`)

SPEC REPOS:
  trunk:
    - boost-for-react-native
    - MMKV
    - MMKVCore

EXTERNAL SOURCES:
  DoubleConversion:
    :podspec: "../node_modules/react-native/third-party-podspecs/DoubleConversion.podspec"
  FBLazyVector:
    :path: "../node_modules/react-native/Libraries/FBLazyVector"
  FBReactNativeSpec:
    :path: "../node_modules/react-native/React/FBReactNativeSpec"
  glog:
    :podspec: "../node_modules/react-native/third-party-podspecs/glog.podspec"
  RCT-Folly:
    :podspec: "../node_modules/react-native/third-party-podspecs/RCT-Folly.podspec"
  RCTRequired:
    :path: "../node_modules/react-native/Libraries/RCTRequired"
  RCTTypeSafety:
    :path: "../node_modules/react-native/Libraries/TypeSafety"
  React:
    :path: "../node_modules/react-native/"
  React-callinvoker:
    :path: "../node_modules/react-native/ReactCommon/callinvoker"
  React-Core:
    :path: "../node_modules/react-native/"
  React-CoreModules:
    :path: "../node_modules/react-native/React/CoreModules"
  React-cxxreact:
    :path: "../node_modules/react-native/ReactCommon/cxxreact"
  React-jsi:
    :path: "../node_modules/react-native/ReactCommon/jsi"
  React-jsiexecutor:
    :path: "../node_modules/react-native/ReactCommon/jsiexecutor"
  React-jsinspector:
    :path: "../node_modules/react-native/ReactCommon/jsinspector"
  react-native-blur:
    :path: "../node_modules/@react-native-community/blur"
  react-native-mmkv:
    :path: "../node_modules/react-native-mmkv"
  react-native-netinfo:
    :path: "../node_modules/@react-native-community/netinfo"
  React-perflogger:
    :path: "../node_modules/react-native/ReactCommon/reactperflogger"
  React-RCTAnimation:
    :path: "../node_modules/react-native/Libraries/NativeAnimation"
  React-RCTBlob:
    :path: "../node_modules/react-native/Libraries/Blob"
  React-RCTImage:
    :path: "../node_modules/react-native/Libraries/Image"
  React-RCTLinking:
    :path: "../node_modules/react-native/Libraries/LinkingIOS"
  React-RCTNetwork:
    :path: "../node_modules/react-native/Libraries/Network"
  React-RCTSettings:
    :path: "../node_modules/react-native/Libraries/Settings"
  React-RCTText:
    :path: "../node_modules/react-native/Libraries/Text"
  React-runtimeexecutor:
    :path: "../node_modules/react-native/ReactCommon/runtimeexecutor"
  ReactCommon:
    :path: "../node_modules/react-native/ReactCommon"
  ReactNativeNavigation:
    :path: "../node_modules/react-native-navigation"
  ReactNativeUiLib:
    :path: "../node_modules/react-native-ui-lib/lib"
  RNCAsyncStorage:
    :path: "../node_modules/@react-native-async-storage/async-storage"
  RNCPicker:
    :path: "../node_modules/@react-native-picker/picker"
  RNDateTimePicker:
    :path: "../node_modules/@react-native-community/datetimepicker"
  RNDeviceInfo:
    :path: "../node_modules/react-native-device-info"
  RNGestureHandler:
    :path: "../node_modules/react-native-gesture-handler"
  RNLocalize:
    :path: "../node_modules/react-native-localize"
  RNReanimated:
    :path: "../node_modules/react-native-reanimated"
  RNVectorIcons:
    :path: "../node_modules/react-native-vector-icons"
  Yoga:
    :path: "../node_modules/react-native/ReactCommon/yoga"

SPEC CHECKSUMS:
  boost-for-react-native: 39c7adb57c4e60d6c5479dd8623128eb5b3f0f2c
  DoubleConversion: cde416483dac037923206447da6e1454df403714
  FBLazyVector: 679125f3c8093492d5f5dc43028270da5938ac5c
  FBReactNativeSpec: df9f637a8a706d5c7a86779814ed82fd6b64b39e
  glog: 40a13f7840415b9a77023fbcae0f1e6f43192af3
  MMKV: 76033b9ace2006623308910a3afcc0e25eba3140
  MMKVCore: b00e7a09ec77a1b916aef336eedd3b99ec249978
  RCT-Folly: ec7a233ccc97cc556cf7237f0db1ff65b986f27c
  RCTRequired: a7ea604bf71db08cb0b868ed498cf32dafd640b8
  RCTTypeSafety: 7a0c16301e4abe4325806c403a3c021337eb930f
  React: 92125825d029c6bb6267591805a776541c24820a
  React-callinvoker: ecb0239a62faf84073a60e73b524f49fe404a19e
  React-Core: 2d87a161f076b029789abab936b215cdeb318b83
  React-CoreModules: 3520c896b37229399817e952c5a51802cee3c6a5
  React-cxxreact: 6933021423e4644074c87df8bcc4893d6c22026a
  React-jsi: a3ef3cf4800e1df2e8b6dc642fee50e2694e2ffb
  React-jsiexecutor: d96003fc60d2f76cf634c0164025acf26a468937
  React-jsinspector: 8b01fcdc6f2c3ca912067bca540720ebae5c87b2
  react-native-blur: cad4d93b364f91e7b7931b3fa935455487e5c33c
  react-native-mmkv: 1d21be7e3a7d5c6be1c15120453de4e9452da1cb
  react-native-netinfo: 92e6e4476eb8bf6fc2d7c0a6ca0a1406f663d73a
  React-perflogger: 51eaee49ea719e2f0b63cb66721a1eddafdfcc3f
  React-RCTAnimation: b34df2f0f9288ef0d6b95a60b14e69bceca7f340
  React-RCTBlob: ac3cc4ff66668fa6fca99ad679ab2b5801338446
  React-RCTImage: cb7e45d51250818068636bee1b819105ad4d8fb4
  React-RCTLinking: 502309f2e0eb6b5f67dea5a15126d9c8e84238ee
  React-RCTNetwork: b42c2da45d3425047a5cc442e2ad2077520300da
  React-RCTSettings: 074bf8c0c6e2c93f3b497174e4be3f6ec4811c6d
  React-RCTText: 9d0bca8b8006189e0bcfd286dcf7fc4c182272fa
  React-runtimeexecutor: c96636115736d9b08f7f1607916c33a579535901
  ReactCommon: a08c79d5f0e2b4479f9ac9262fdd622e3e419423
  ReactNativeNavigation: 14e1c46818ce244d00158351f4c4950a7357a105
  ReactNativeUiLib: cde7263a7d308b60161cd286f95c9433e79f2f7d
  RNCAsyncStorage: 7102fe8985f889579a3ae148d957bbb3f308122b
  RNCPicker: 0991c56da7815c0cf946d6f63cf920b25296e5f6
  RNDateTimePicker: 7658208086d86d09e1627b5c34ba0cf237c60140
  RNDeviceInfo: 7b82d1467b87f7e74d1c7ba9439a9a57d0c68ee9
  RNGestureHandler: a479ebd5ed4221a810967000735517df0d2db211
  RNLocalize: 7f1e5792b65a839af55a9552d05b3558b66d017e
  RNReanimated: 5b6ed0eba5cd7c43b22d1d6f2541a6a8c5e09a20
  RNVectorIcons: 31cebfcf94e8cf8686eb5303ae0357da64d7a5a4
  Yoga: 36b92ce2dbdee80c2c21375b24c7591b7e7727a7

PODFILE CHECKSUM: 7b28645ba3ad5c98b28e8be35012adf0a01fcf3e

COCOAPODS: 1.10.1
